
Microsoft Visual Studio Solution File, Format Version 12.00
# Visual Studio Version 17
VisualStudioVersion = 17.5.002.0
MinimumVisualStudioVersion = 10.0.40219.1
Project("{9A19103F-16F7-4668-BE54-9A1E7A4F7556}") = "Editor_HTML", "Editor_HTML.csproj", "{F3397B0C-10D9-4388-80BF-DCAFC02E6614}"
EndProject
Global
	GlobalSection(SolutionConfigurationPlatforms) = preSolution
		Debug|Any CPU = Debug|Any CPU
		Release|Any CPU = Release|Any CPU
	EndGlobalSection
	GlobalSection(ProjectConfigurationPlatforms) = postSolution
		{F3397B0C-10D9-4388-80BF-DCAFC02E6614}.Debug|Any CPU.ActiveCfg = Debug|Any CPU
		{F3397B0C-10D9-4388-80BF-DCAFC02E6614}.Debug|Any CPU.Build.0 = Debug|Any CPU
		{F3397B0C-10D9-4388-80BF-DCAFC02E6614}.Release|Any CPU.ActiveCfg = Release|Any CPU
		{F3397B0C-10D9-4388-80BF-DCAFC02E6614}.Release|Any CPU.Build.0 = Release|Any CPU
	EndGlobalSection
	GlobalSection(SolutionProperties) = preSolution
		HideSolutionNode = FALSE
	EndGlobalSection
	GlobalSection(ExtensibilityGlobals) = postSolution
		SolutionGuid = {AD41B27B-6FE5-4B3B-BFE8-1B359DC5E384}
	EndGlobalSection
EndGlobal
